
Microsoft Visual Studio Solution File, Format Version 12.00
# Visual Studio Version 16
VisualStudioVersion = 16.0.31313.79
MinimumVisualStudioVersion = 10.0.40219.1
Project("{8BC9CEB8-8B4A-11D0-8D11-00A0C91BC942}") = "libcapnotrainergo", "libcapnotrainergo\libcapnotrainergo.vcxproj", "{5767FD02-DCCB-4FFB-8D2B-D5FEAE4C425B}"
EndProject
Project("{8BC9CEB8-8B4A-11D0-8D11-00A0C91BC942}") = "examples", "examples\examples.vcxproj", "{1E25CDEE-A571-4F6B-80B3-0E800CAD906F}"
	ProjectSection(ProjectDependencies) = postProject
		{5767FD02-DCCB-4FFB-8D2B-D5FEAE4C425B} = {5767FD02-DCCB-4FFB-8D2B-D5FEAE4C425B}
	EndProjectSection
EndProject
Global
	GlobalSection(SolutionConfigurationPlatforms) = preSolution
		Debug|x64 = Debug|x64
		Debug|x86 = Debug|x86
		Release|x64 = Release|x64
		Release|x86 = Release|x86
	EndGlobalSection
	GlobalSection(ProjectConfigurationPlatforms) = postSolution
		{5767FD02-DCCB-4FFB-8D2B-D5FEAE4C425B}.Debug|x64.ActiveCfg = Debug|x64
		{5767FD02-DCCB-4FFB-8D2B-D5FEAE4C425B}.Debug|x64.Build.0 = Debug|x64
		{5767FD02-DCCB-4FFB-8D2B-D5FEAE4C425B}.Debug|x86.ActiveCfg = Debug|Win32
		{5767FD02-DCCB-4FFB-8D2B-D5FEAE4C425B}.Debug|x86.Build.0 = Debug|Win32
		{5767FD02-DCCB-4FFB-8D2B-D5FEAE4C425B}.Release|x64.ActiveCfg = Release|x64
		{5767FD02-DCCB-4FFB-8D2B-D5FEAE4C425B}.Release|x64.Build.0 = Release|x64
		{5767FD02-DCCB-4FFB-8D2B-D5FEAE4C425B}.Release|x86.ActiveCfg = Release|Win32
		{5767FD02-DCCB-4FFB-8D2B-D5FEAE4C425B}.Release|x86.Build.0 = Release|Win32
		{1E25CDEE-A571-4F6B-80B3-0E800CAD906F}.Debug|x64.ActiveCfg = Debug|x64
		{1E25CDEE-A571-4F6B-80B3-0E800CAD906F}.Debug|x64.Build.0 = Debug|x64
		{1E25CDEE-A571-4F6B-80B3-0E800CAD906F}.Debug|x86.ActiveCfg = Debug|Win32
		{1E25CDEE-A571-4F6B-80B3-0E800CAD906F}.Debug|x86.Build.0 = Debug|Win32
		{1E25CDEE-A571-4F6B-80B3-0E800CAD906F}.Release|x64.ActiveCfg = Release|x64
		{1E25CDEE-A571-4F6B-80B3-0E800CAD906F}.Release|x64.Build.0 = Release|x64
		{1E25CDEE-A571-4F6B-80B3-0E800CAD906F}.Release|x86.ActiveCfg = Release|Win32
		{1E25CDEE-A571-4F6B-80B3-0E800CAD906F}.Release|x86.Build.0 = Release|Win32
	EndGlobalSection
	GlobalSection(SolutionProperties) = preSolution
		HideSolutionNode = FALSE
	EndGlobalSection
	GlobalSection(ExtensibilityGlobals) = postSolution
		SolutionGuid = {A4E5CD64-3C0A-49C4-B5E9-73FB54F6372A}
	EndGlobalSection
EndGlobal
